// !$*UTF8*$!
{
	archiveVersion = 1;
	classes = {
	};
	objectVersion = 50;
	objects = {

/* Begin PBXBuildFile section */
		4E91ED94255EA9C500EF0ECA /* AppDelegate.swift in Sources */ = {isa = PBXBuildFile; fileRef = 4E91ED93255EA9C500EF0ECA /* AppDelegate.swift */; };
		4E91ED98255EA9C500EF0ECA /* NotesViewController.swift in Sources */ = {isa = PBXBuildFile; fileRef = 4E91ED97255EA9C500EF0ECA /* NotesViewController.swift */; };
		4E91ED9B255EA9C500EF0ECA /* Main.storyboard in Resources */ = {isa = PBXBuildFile; fileRef = 4E91ED99255EA9C500EF0ECA /* Main.storyboard */; };
		4E91ED9D255EA9CD00EF0ECA /* Assets.xcassets in Resources */ = {isa = PBXBuildFile; fileRef = 4E91ED9C255EA9CD00EF0ECA /* Assets.xcassets */; };
		4E91EDA0255EA9CD00EF0ECA /* LaunchScreen.storyboard in Resources */ = {isa = PBXBuildFile; fileRef = 4E91ED9E255EA9CD00EF0ECA /* LaunchScreen.storyboard */; };
		FF23B470256C7C840023CB84 /* ActivityIndicatorView.swift in Sources */ = {isa = PBXBuildFile; fileRef = FF23B46F256C7C840023CB84 /* ActivityIndicatorView.swift */; };
		FF23B473256C7C9D0023CB84 /* ActivityIndicatorView.xib in Resources */ = {isa = PBXBuildFile; fileRef = FF23B472256C7C9D0023CB84 /* ActivityIndicatorView.xib */; };
		FF59BF912569597000316FE3 /* CoreDataStack.swift in Sources */ = {isa = PBXBuildFile; fileRef = FF59BF902569597000316FE3 /* CoreDataStack.swift */; };
		FF59BF9525697D8600316FE3 /* Notes.xcdatamodeld in Sources */ = {isa = PBXBuildFile; fileRef = FF59BF9325697D8600316FE3 /* Notes.xcdatamodeld */; };
		FF59BF99256A54DE00316FE3 /* NSManagedObject.swift in Sources */ = {isa = PBXBuildFile; fileRef = FF59BF98256A54DE00316FE3 /* NSManagedObject.swift */; };
		FF59BF9E256C109300316FE3 /* NoteCell.swift in Sources */ = {isa = PBXBuildFile; fileRef = FF59BF9D256C109300316FE3 /* NoteCell.swift */; };
		FF59BFA1256C1A2F00316FE3 /* UIView.swift in Sources */ = {isa = PBXBuildFile; fileRef = FF59BFA0256C1A2F00316FE3 /* UIView.swift */; };
		FF842CD8256A6A4D00997912 /* AddNoteViewController.swift in Sources */ = {isa = PBXBuildFile; fileRef = FF842CD7256A6A4D00997912 /* AddNoteViewController.swift */; };
		FF842CDD256A720100997912 /* UIAlertController.swift in Sources */ = {isa = PBXBuildFile; fileRef = FF842CDC256A720100997912 /* UIAlertController.swift */; };
		FFF94622256AB9D3001EBC7D /* Note.swift in Sources */ = {isa = PBXBuildFile; fileRef = FFF94621256AB9D3001EBC7D /* Note.swift */; };
/* End PBXBuildFile section */

/* Begin PBXFileReference section */
		4E91ED90255EA9C500EF0ECA /* Notes.app */ = {isa = PBXFileReference; explicitFileType = wrapper.application; includeInIndex = 0; path = Notes.app; sourceTree = BUILT_PRODUCTS_DIR; };
		4E91ED93255EA9C500EF0ECA /* AppDelegate.swift */ = {isa = PBXFileReference; lastKnownFileType = sourcecode.swift; path = AppDelegate.swift; sourceTree = "<group>"; };
		4E91ED97255EA9C500EF0ECA /* NotesViewController.swift */ = {isa = PBXFileReference; lastKnownFileType = sourcecode.swift; path = NotesViewController.swift; sourceTree = "<group>"; };
		4E91ED9A255EA9C500EF0ECA /* Base */ = {isa = PBXFileReference; lastKnownFileType = file.storyboard; name = Base; path = Base.lproj/Main.storyboard; sourceTree = "<group>"; };
		4E91ED9C255EA9CD00EF0ECA /* Assets.xcassets */ = {isa = PBXFileReference; lastKnownFileType = folder.assetcatalog; path = Assets.xcassets; sourceTree = "<group>"; };
		4E91ED9F255EA9CD00EF0ECA /* Base */ = {isa = PBXFileReference; lastKnownFileType = file.storyboard; name = Base; path = Base.lproj/LaunchScreen.storyboard; sourceTree = "<group>"; };
		4E91EDA1255EA9CD00EF0ECA /* Info.plist */ = {isa = PBXFileReference; lastKnownFileType = text.plist.xml; path = Info.plist; sourceTree = "<group>"; };
		FF23B46F256C7C840023CB84 /* ActivityIndicatorView.swift */ = {isa = PBXFileReference; lastKnownFileType = sourcecode.swift; path = ActivityIndicatorView.swift; sourceTree = "<group>"; };
		FF23B472256C7C9D0023CB84 /* ActivityIndicatorView.xib */ = {isa = PBXFileReference; lastKnownFileType = file.xib; path = ActivityIndicatorView.xib; sourceTree = "<group>"; };
		FF59BF902569597000316FE3 /* CoreDataStack.swift */ = {isa = PBXFileReference; lastKnownFileType = sourcecode.swift; path = CoreDataStack.swift; sourceTree = "<group>"; };
		FF59BF9425697D8600316FE3 /* Notes.xcdatamodel */ = {isa = PBXFileReference; lastKnownFileType = wrapper.xcdatamodel; path = Notes.xcdatamodel; sourceTree = "<group>"; };
		FF59BF98256A54DE00316FE3 /* NSManagedObject.swift */ = {isa = PBXFileReference; lastKnownFileType = sourcecode.swift; path = NSManagedObject.swift; sourceTree = "<group>"; };
		FF59BF9D256C109300316FE3 /* NoteCell.swift */ = {isa = PBXFileReference; lastKnownFileType = sourcecode.swift; path = NoteCell.swift; sourceTree = "<group>"; };
		FF59BFA0256C1A2F00316FE3 /* UIView.swift */ = {isa = PBXFileReference; lastKnownFileType = sourcecode.swift; path = UIView.swift; sourceTree = "<group>"; };
		FF842CD7256A6A4D00997912 /* AddNoteViewController.swift */ = {isa = PBXFileReference; lastKnownFileType = sourcecode.swift; path = AddNoteViewController.swift; sourceTree = "<group>"; };
		FF842CDC256A720100997912 /* UIAlertController.swift */ = {isa = PBXFileReference; lastKnownFileType = sourcecode.swift; path = UIAlertController.swift; sourceTree = "<group>"; };
		FFF94621256AB9D3001EBC7D /* Note.swift */ = {isa = PBXFileReference; lastKnownFileType = sourcecode.swift; path = Note.swift; sourceTree = "<group>"; };
/* End PBXFileReference section */

/* Begin PBXFrameworksBuildPhase section */
		4E91ED8D255EA9C500EF0ECA /* Frameworks */ = {
			isa = PBXFrameworksBuildPhase;
			buildActionMask = 2147483647;
			files = (
			);
			runOnlyForDeploymentPostprocessing = 0;
		};
/* End PBXFrameworksBuildPhase section */

/* Begin PBXGroup section */
		4E91ED87255EA9C500EF0ECA = {
			isa = PBXGroup;
			children = (
				4E91ED92255EA9C500EF0ECA /* Notes */,
				4E91ED91255EA9C500EF0ECA /* Products */,
			);
			sourceTree = "<group>";
		};
		4E91ED91255EA9C500EF0ECA /* Products */ = {
			isa = PBXGroup;
			children = (
				4E91ED90255EA9C500EF0ECA /* Notes.app */,
			);
			name = Products;
			sourceTree = "<group>";
		};
		4E91ED92255EA9C500EF0ECA /* Notes */ = {
			isa = PBXGroup;
			children = (
				4E91ED93255EA9C500EF0ECA /* AppDelegate.swift */,
				FF842CDA256A6A5C00997912 /* Controllers */,
				FF59BF902569597000316FE3 /* CoreDataStack.swift */,
				FF59BF9D256C109300316FE3 /* NoteCell.swift */,
				FF23B475256C7CAD0023CB84 /* ActivityIndicatorView */,
				FF842CDF256A724D00997912 /* Extensions */,
				4E91ED99255EA9C500EF0ECA /* Main.storyboard */,
				FFF94621256AB9D3001EBC7D /* Note.swift */,
				4E91ED9C255EA9CD00EF0ECA /* Assets.xcassets */,
				4E91ED9E255EA9CD00EF0ECA /* LaunchScreen.storyboard */,
				FF59BF9325697D8600316FE3 /* Notes.xcdatamodeld */,
				4E91EDA1255EA9CD00EF0ECA /* Info.plist */,
			);
			path = Notes;
			sourceTree = "<group>";
		};
		FF23B475256C7CAD0023CB84 /* ActivityIndicatorView */ = {
			isa = PBXGroup;
			children = (
				FF23B46F256C7C840023CB84 /* ActivityIndicatorView.swift */,
				FF23B472256C7C9D0023CB84 /* ActivityIndicatorView.xib */,
			);
			path = ActivityIndicatorView;
			sourceTree = "<group>";
		};
		FF842CDA256A6A5C00997912 /* Controllers */ = {
			isa = PBXGroup;
			children = (
				FF842CD7256A6A4D00997912 /* AddNoteViewController.swift */,
				4E91ED97255EA9C500EF0ECA /* NotesViewController.swift */,
			);
			path = Controllers;
			sourceTree = "<group>";
		};
		FF842CDF256A724D00997912 /* Extensions */ = {
			isa = PBXGroup;
			children = (
				FF59BF98256A54DE00316FE3 /* NSManagedObject.swift */,
				FF842CDC256A720100997912 /* UIAlertController.swift */,
				FF59BFA0256C1A2F00316FE3 /* UIView.swift */,
			);
			path = Extensions;
			sourceTree = "<group>";
		};
/* End PBXGroup section */

/* Begin PBXNativeTarget section */
		4E91ED8F255EA9C500EF0ECA /* Notes */ = {
			isa = PBXNativeTarget;
			buildConfigurationList = 4E91EDA4255EA9CD00EF0ECA /* Build configuration list for PBXNativeTarget "Notes" */;
			buildPhases = (
				4E91ED8C255EA9C500EF0ECA /* Sources */,
				4E91ED8D255EA9C500EF0ECA /* Frameworks */,
				4E91ED8E255EA9C500EF0ECA /* Resources */,
			);
			buildRules = (
			);
			dependencies = (
			);
			name = Notes;
			productName = Notes;
			productReference = 4E91ED90255EA9C500EF0ECA /* Notes.app */;
			productType = "com.apple.product-type.application";
		};
/* End PBXNativeTarget section */

/* Begin PBXProject section */
		4E91ED88255EA9C500EF0ECA /* Project object */ = {
			isa = PBXProject;
			attributes = {
				LastSwiftUpdateCheck = 1210;
				LastUpgradeCheck = 1210;
				TargetAttributes = {
					4E91ED8F255EA9C500EF0ECA = {
						CreatedOnToolsVersion = 12.1;
					};
				};
			};
			buildConfigurationList = 4E91ED8B255EA9C500EF0ECA /* Build configuration list for PBXProject "Notes" */;
			compatibilityVersion = "Xcode 9.3";
			developmentRegion = en;
			hasScannedForEncodings = 0;
			knownRegions = (
				en,
				Base,
			);
			mainGroup = 4E91ED87255EA9C500EF0ECA;
			productRefGroup = 4E91ED91255EA9C500EF0ECA /* Products */;
			projectDirPath = "";
			projectRoot = "";
			targets = (
				4E91ED8F255EA9C500EF0ECA /* Notes */,
			);
		};
/* End PBXProject section */

/* Begin PBXResourcesBuildPhase section */
		4E91ED8E255EA9C500EF0ECA /* Resources */ = {
			isa = PBXResourcesBuildPhase;
			buildActionMask = 2147483647;
			files = (
				4E91EDA0255EA9CD00EF0ECA /* LaunchScreen.storyboard in Resources */,
				4E91ED9D255EA9CD00EF0ECA /* Assets.xcassets in Resources */,
				4E91ED9B255EA9C500EF0ECA /* Main.storyboard in Resources */,
				FF23B473256C7C9D0023CB84 /* ActivityIndicatorView.xib in Resources */,
			);
			runOnlyForDeploymentPostprocessing = 0;
		};
/* End PBXResourcesBuildPhase section */

/* Begin PBXSourcesBuildPhase section */
		4E91ED8C255EA9C500EF0ECA /* Sources */ = {
			isa = PBXSourcesBuildPhase;
			buildActionMask = 2147483647;
			files = (
				FF59BFA1256C1A2F00316FE3 /* UIView.swift in Sources */,
				FF59BF912569597000316FE3 /* CoreDataStack.swift in Sources */,
				4E91ED98255EA9C500EF0ECA /* NotesViewController.swift in Sources */,
				FF842CD8256A6A4D00997912 /* AddNoteViewController.swift in Sources */,
				FFF94622256AB9D3001EBC7D /* Note.swift in Sources */,
				FF842CDD256A720100997912 /* UIAlertController.swift in Sources */,
				FF23B470256C7C840023CB84 /* ActivityIndicatorView.swift in Sources */,
				FF59BF99256A54DE00316FE3 /* NSManagedObject.swift in Sources */,
				FF59BF9E256C109300316FE3 /* NoteCell.swift in Sources */,
				4E91ED94255EA9C500EF0ECA /* AppDelegate.swift in Sources */,
				FF59BF9525697D8600316FE3 /* Notes.xcdatamodeld in Sources */,
			);
			runOnlyForDeploymentPostprocessing = 0;
		};
/* End PBXSourcesBuildPhase section */

/* Begin PBXVariantGroup section */
		4E91ED99255EA9C500EF0ECA /* Main.storyboard */ = {
			isa = PBXVariantGroup;
			children = (
				4E91ED9A255EA9C500EF0ECA /* Base */,
			);
			name = Main.storyboard;
			sourceTree = "<group>";
		};
		4E91ED9E255EA9CD00EF0ECA /* LaunchScreen.storyboard */ = {
			isa = PBXVariantGroup;
			children = (
				4E91ED9F255EA9CD00EF0ECA /* Base */,
			);
			name = LaunchScreen.storyboard;
			sourceTree = "<group>";
		};
/* End PBXVariantGroup section */

/* Begin XCBuildConfiguration section */
		4E91EDA2255EA9CD00EF0ECA /* Debug */ = {
			isa = XCBuildConfiguration;
			buildSettings = {
				ALWAYS_SEARCH_USER_PATHS = NO;
				CLANG_ANALYZER_NONNULL = YES;
				CLANG_ANALYZER_NUMBER_OBJECT_CONVERSION = YES_AGGRESSIVE;
				CLANG_CXX_LANGUAGE_STANDARD = "gnu++14";
				CLANG_CXX_LIBRARY = "libc++";
				CLANG_ENABLE_MODULES = YES;
				CLANG_ENABLE_OBJC_ARC = YES;
				CLANG_ENABLE_OBJC_WEAK = YES;
				CLANG_WARN_BLOCK_CAPTURE_AUTORELEASING = YES;
				CLANG_WARN_BOOL_CONVERSION = YES;
				CLANG_WARN_COMMA = YES;
				CLANG_WARN_CONSTANT_CONVERSION = YES;
				CLANG_WARN_DEPRECATED_OBJC_IMPLEMENTATIONS = YES;
				CLANG_WARN_DIRECT_OBJC_ISA_USAGE = YES_ERROR;
				CLANG_WARN_DOCUMENTATION_COMMENTS = YES;
				CLANG_WARN_EMPTY_BODY = YES;
				CLANG_WARN_ENUM_CONVERSION = YES;
				CLANG_WARN_INFINITE_RECURSION = YES;
				CLANG_WARN_INT_CONVERSION = YES;
				CLANG_WARN_NON_LITERAL_NULL_CONVERSION = YES;
				CLANG_WARN_OBJC_IMPLICIT_RETAIN_SELF = YES;
				CLANG_WARN_OBJC_LITERAL_CONVERSION = YES;
				CLANG_WARN_OBJC_ROOT_CLASS = YES_ERROR;
				CLANG_WARN_QUOTED_INCLUDE_IN_FRAMEWORK_HEADER = YES;
				CLANG_WARN_RANGE_LOOP_ANALYSIS = YES;
				CLANG_WARN_STRICT_PROTOTYPES = YES;
				CLANG_WARN_SUSPICIOUS_MOVE = YES;
				CLANG_WARN_UNGUARDED_AVAILABILITY = YES_AGGRESSIVE;
				CLANG_WARN_UNREACHABLE_CODE = YES;
				CLANG_WARN__DUPLICATE_METHOD_MATCH = YES;
				COPY_PHASE_STRIP = NO;
				DEBUG_INFORMATION_FORMAT = dwarf;
				ENABLE_STRICT_OBJC_MSGSEND = YES;
				ENABLE_TESTABILITY = YES;
				GCC_C_LANGUAGE_STANDARD = gnu11;
				GCC_DYNAMIC_NO_PIC = NO;
				GCC_NO_COMMON_BLOCKS = YES;
				GCC_OPTIMIZATION_LEVEL = 0;
				GCC_PREPROCESSOR_DEFINITIONS = (
					"DEBUG=1",
					"$(inherited)",
				);
				GCC_WARN_64_TO_32_BIT_CONVERSION = YES;
				GCC_WARN_ABOUT_RETURN_TYPE = YES_ERROR;
				GCC_WARN_UNDECLARED_SELECTOR = YES;
				GCC_WARN_UNINITIALIZED_AUTOS = YES_AGGRESSIVE;
				GCC_WARN_UNUSED_FUNCTION = YES;
				GCC_WARN_UNUSED_VARIABLE = YES;
				IPHONEOS_DEPLOYMENT_TARGET = 9.0;
				MTL_ENABLE_DEBUG_INFO = INCLUDE_SOURCE;
				MTL_FAST_MATH = YES;
				ONLY_ACTIVE_ARCH = YES;
				SDKROOT = iphoneos;
				SWIFT_ACTIVE_COMPILATION_CONDITIONS = DEBUG;
				SWIFT_OPTIMIZATION_LEVEL = "-Onone";
			};
			name = Debug;
		};
		4E91EDA3255EA9CD00EF0ECA /* Release */ = {
			isa = XCBuildConfiguration;
			buildSettings = {
				ALWAYS_SEARCH_USER_PATHS = NO;
				CLANG_ANALYZER_NONNULL = YES;
				CLANG_ANALYZER_NUMBER_OBJECT_CONVERSION = YES_AGGRESSIVE;
				CLANG_CXX_LANGUAGE_STANDARD = "gnu++14";
				CLANG_CXX_LIBRARY = "libc++";
				CLANG_ENABLE_MODULES = YES;
				CLANG_ENABLE_OBJC_ARC = YES;
				CLANG_ENABLE_OBJC_WEAK = YES;
				CLANG_WARN_BLOCK_CAPTURE_AUTORELEASING = YES;
				CLANG_WARN_BOOL_CONVERSION = YES;
				CLANG_WARN_COMMA = YES;
				CLANG_WARN_CONSTANT_CONVERSION = YES;
				CLANG_WARN_DEPRECATED_OBJC_IMPLEMENTATIONS = YES;
				CLANG_WARN_DIRECT_OBJC_ISA_USAGE = YES_ERROR;
				CLANG_WARN_DOCUMENTATION_COMMENTS = YES;
				CLANG_WARN_EMPTY_BODY = YES;
				CLANG_WARN_ENUM_CONVERSION = YES;
				CLANG_WARN_INFINITE_RECURSION = YES;
				CLANG_WARN_INT_CONVERSION = YES;
				CLANG_WARN_NON_LITERAL_NULL_CONVERSION = YES;
				CLANG_WARN_OBJC_IMPLICIT_RETAIN_SELF = YES;
				CLANG_WARN_OBJC_LITERAL_CONVERSION = YES;
				CLANG_WARN_OBJC_ROOT_CLASS = YES_ERROR;
				CLANG_WARN_QUOTED_INCLUDE_IN_FRAMEWORK_HEADER = YES;
				CLANG_WARN_RANGE_LOOP_ANALYSIS = YES;
				CLANG_WARN_STRICT_PROTOTYPES = YES;
				CLANG_WARN_SUSPICIOUS_MOVE = YES;
				CLANG_WARN_UNGUARDED_AVAILABILITY = YES_AGGRESSIVE;
				CLANG_WARN_UNREACHABLE_CODE = YES;
				CLANG_WARN__DUPLICATE_METHOD_MATCH = YES;
				COPY_PHASE_STRIP = NO;
				DEBUG_INFORMATION_FORMAT = "dwarf-with-dsym";
				ENABLE_NS_ASSERTIONS = NO;
				ENABLE_STRICT_OBJC_MSGSEND = YES;
				GCC_C_LANGUAGE_STANDARD = gnu11;
				GCC_NO_COMMON_BLOCKS = YES;
				GCC_WARN_64_TO_32_BIT_CONVERSION = YES;
				GCC_WARN_ABOUT_RETURN_TYPE = YES_ERROR;
				GCC_WARN_UNDECLARED_SELECTOR = YES;
				GCC_WARN_UNINITIALIZED_AUTOS = YES_AGGRESSIVE;
				GCC_WARN_UNUSED_FUNCTION = YES;
				GCC_WARN_UNUSED_VARIABLE = YES;
				IPHONEOS_DEPLOYMENT_TARGET = 9.0;
				MTL_ENABLE_DEBUG_INFO = NO;
				MTL_FAST_MATH = YES;
				SDKROOT = iphoneos;
				SWIFT_COMPILATION_MODE = wholemodule;
				SWIFT_OPTIMIZATION_LEVEL = "-O";
				VALIDATE_PRODUCT = YES;
			};
			name = Release;
		};
		4E91EDA5255EA9CD00EF0ECA /* Debug */ = {
			isa = XCBuildConfiguration;
			buildSettings = {
				ASSETCATALOG_COMPILER_APPICON_NAME = AppIcon;
				ASSETCATALOG_COMPILER_GLOBAL_ACCENT_COLOR_NAME = AccentColor;
				CODE_SIGN_STYLE = Automatic;
				INFOPLIST_FILE = Notes/Info.plist;
				LD_RUNPATH_SEARCH_PATHS = (
					"$(inherited)",
					"@executable_path/Frameworks",
				);
				MARKETING_VERSION = 1.0.0;
				PRODUCT_BUNDLE_IDENTIFIER = algashev.Notes;
				PRODUCT_NAME = "$(TARGET_NAME)";
				SWIFT_VERSION = 5.0;
				TARGETED_DEVICE_FAMILY = "1,2";
			};
			name = Debug;
		};
		4E91EDA6255EA9CD00EF0ECA /* Release */ = {
			isa = XCBuildConfiguration;
			buildSettings = {
				ASSETCATALOG_COMPILER_APPICON_NAME = AppIcon;
				ASSETCATALOG_COMPILER_GLOBAL_ACCENT_COLOR_NAME = AccentColor;
				CODE_SIGN_STYLE = Automatic;
				INFOPLIST_FILE = Notes/Info.plist;
				LD_RUNPATH_SEARCH_PATHS = (
					"$(inherited)",
					"@executable_path/Frameworks",
				);
				MARKETING_VERSION = 1.0.0;
				PRODUCT_BUNDLE_IDENTIFIER = algashev.Notes;
				PRODUCT_NAME = "$(TARGET_NAME)";
				SWIFT_VERSION = 5.0;
				TARGETED_DEVICE_FAMILY = "1,2";
			};
			name = Release;
		};
/* End XCBuildConfiguration section */

/* Begin XCConfigurationList section */
		4E91ED8B255EA9C500EF0ECA /* Build configuration list for PBXProject "Notes" */ = {
			isa = XCConfigurationList;
			buildConfigurations = (
				4E91EDA2255EA9CD00EF0ECA /* Debug */,
				4E91EDA3255EA9CD00EF0ECA /* Release */,
			);
			defaultConfigurationIsVisible = 0;
			defaultConfigurationName = Release;
		};
		4E91EDA4255EA9CD00EF0ECA /* Build configuration list for PBXNativeTarget "Notes" */ = {
			isa = XCConfigurationList;
			buildConfigurations = (
				4E91EDA5255EA9CD00EF0ECA /* Debug */,
				4E91EDA6255EA9CD00EF0ECA /* Release */,
			);
			defaultConfigurationIsVisible = 0;
			defaultConfigurationName = Release;
		};
/* End XCConfigurationList section */

/* Begin XCVersionGroup section */
		FF59BF9325697D8600316FE3 /* Notes.xcdatamodeld */ = {
			isa = XCVersionGroup;
			children = (
				FF59BF9425697D8600316FE3 /* Notes.xcdatamodel */,
			);
			currentVersion = FF59BF9425697D8600316FE3 /* Notes.xcdatamodel */;
			path = Notes.xcdatamodeld;
			sourceTree = "<group>";
			versionGroupType = wrapper.xcdatamodel;
		};
/* End XCVersionGroup section */
	};
	rootObject = 4E91ED88255EA9C500EF0ECA /* Project object */;
}
